
Microsoft Visual Studio Solution File, Format Version 12.00
# Visual Studio Version 16
VisualStudioVersion = 16.0.31911.196
MinimumVisualStudioVersion = 10.0.40219.1
Project("{9A19103F-16F7-4668-BE54-9A1E7A4F7556}") = "FeesCalculator", "FeesCalculator.csproj", "{30207FFA-49E2-4C55-8E25-7AFA50142352}"
EndProject
Global
	GlobalSection(SolutionConfigurationPlatforms) = preSolution
		Debug|Any CPU = Debug|Any CPU
		Release|Any CPU = Release|Any CPU
	EndGlobalSection
	GlobalSection(ProjectConfigurationPlatforms) = postSolution
		{30207FFA-49E2-4C55-8E25-7AFA50142352}.Debug|Any CPU.ActiveCfg = Debug|Any CPU
		{30207FFA-49E2-4C55-8E25-7AFA50142352}.Debug|Any CPU.Build.0 = Debug|Any CPU
		{30207FFA-49E2-4C55-8E25-7AFA50142352}.Release|Any CPU.ActiveCfg = Release|Any CPU
		{30207FFA-49E2-4C55-8E25-7AFA50142352}.Release|Any CPU.Build.0 = Release|Any CPU
	EndGlobalSection
	GlobalSection(SolutionProperties) = preSolution
		HideSolutionNode = FALSE
	EndGlobalSection
	GlobalSection(ExtensibilityGlobals) = postSolution
		SolutionGuid = {E240E2CE-D713-4790-A39B-73D35572E333}
	EndGlobalSection
EndGlobal
